{
  "name": "@ailnaf/xlsx2csv",
  "version": "1.3.8",
  "lockfileVersion": 2,
  "requires": true,
  "packages": {
    "": {
      "name": "@ailnaf/xlsx2csv",
      "version": "1.3.8",
      "license": "MIT",
      "dependencies": {
        "jszip": "^3.10.1",
        "node-stream-zip": "^1.15.0",
        "saxes": "^6.0.0",
        "ssf": "^0.11.2"
      },
      "devDependencies": {
        "esbuild": "^0.17.0"
      }
    },
    "node_modules/@esbuild/android-arm": {
      "version": "0.17.11",
      "resolved": "https://registry.npmjs.org/@esbuild/android-arm/-/android-arm-0.17.11.tgz",
      "integrity": "sha512-CdyX6sRVh1NzFCsf5vw3kULwlAhfy9wVt8SZlrhQ7eL2qBjGbFhRBWkkAzuZm9IIEOCKJw4DXA6R85g+qc8RDw==",
      "cpu": [
        "arm"
      ],
      "dev": true,
      "optional": true,
      "os": [
        "android"
      ],
      "engines": {
        "node": ">=12"
      }
    },
    "node_modules/@esbuild/android-arm64": {
      "version": "0.17.11",
      "resolved": "https://registry.npmjs.org/@esbuild/android-arm64/-/android-arm64-0.17.11.tgz",
      "integrity": "sha512-QnK4d/zhVTuV4/pRM4HUjcsbl43POALU2zvBynmrrqZt9LPcLA3x1fTZPBg2RRguBQnJcnU059yKr+bydkntjg==",
      "cpu": [
        "arm64"
      ],
      "dev": true,
      "optional": true,
      "os": [
        "android"
      ],
      "engines": {
        "node": ">=12"
      }
    },
    "node_modules/@esbuild/android-x64": {
      "version": "0.17.11",
      "resolved": "https://registry.npmjs.org/@esbuild/android-x64/-/android-x64-0.17.11.tgz",
      "integrity": "sha512-3PL3HKtsDIXGQcSCKtWD/dy+mgc4p2Tvo2qKgKHj9Yf+eniwFnuoQ0OUhlSfAEpKAFzF9N21Nwgnap6zy3L3MQ==",
      "cpu": [
        "x64"
      ],
      "dev": true,
      "optional": true,
      "os": [
        "android"
      ],
      "engines": {
        "node": ">=12"
      }
    },
    "node_modules/@esbuild/darwin-arm64": {
      "version": "0.17.11",
      "resolved": "https://registry.npmjs.org/@esbuild/darwin-arm64/-/darwin-arm64-0.17.11.tgz",
      "integrity": "sha512-pJ950bNKgzhkGNO3Z9TeHzIFtEyC2GDQL3wxkMApDEghYx5Qers84UTNc1bAxWbRkuJOgmOha5V0WUeh8G+YGw==",
      "cpu": [
        "arm64"
      ],
      "dev": true,
      "optional": true,
      "os": [
        "darwin"
      ],
      "engines": {
        "node": ">=12"
      }
    },
    "node_modules/@esbuild/darwin-x64": {
      "version": "0.17.11",
      "resolved": "https://registry.npmjs.org/@esbuild/darwin-x64/-/darwin-x64-0.17.11.tgz",
      "integrity": "sha512-iB0dQkIHXyczK3BZtzw1tqegf0F0Ab5texX2TvMQjiJIWXAfM4FQl7D909YfXWnB92OQz4ivBYQ2RlxBJrMJOw==",
      "cpu": [
        "x64"
      ],
      "dev": true,
      "optional": true,
      "os": [
        "darwin"
      ],
      "engines": {
        "node": ">=12"
      }
    },
    "node_modules/@esbuild/freebsd-arm64": {
      "version": "0.17.11",
      "resolved": "https://registry.npmjs.org/@esbuild/freebsd-arm64/-/freebsd-arm64-0.17.11.tgz",
      "integrity": "sha512-7EFzUADmI1jCHeDRGKgbnF5sDIceZsQGapoO6dmw7r/ZBEKX7CCDnIz8m9yEclzr7mFsd+DyasHzpjfJnmBB1Q==",
      "cpu": [
        "arm64"
      ],
      "dev": true,
      "optional": true,
      "os": [
        "freebsd"
      ],
      "engines": {
        "node": ">=12"
      }
    },
    "node_modules/@esbuild/freebsd-x64": {
      "version": "0.17.11",
      "resolved": "https://registry.npmjs.org/@esbuild/freebsd-x64/-/freebsd-x64-0.17.11.tgz",
      "integrity": "sha512-iPgenptC8i8pdvkHQvXJFzc1eVMR7W2lBPrTE6GbhR54sLcF42mk3zBOjKPOodezzuAz/KSu8CPyFSjcBMkE9g==",
      "cpu": [
        "x64"
      ],
      "dev": true,
      "optional": true,
      "os": [
        "freebsd"
      ],
      "engines": {
        "node": ">=12"
      }
    },
    "node_modules/@esbuild/linux-arm": {
      "version": "0.17.11",
      "resolved": "https://registry.npmjs.org/@esbuild/linux-arm/-/linux-arm-0.17.11.tgz",
      "integrity": "sha512-M9iK/d4lgZH0U5M1R2p2gqhPV/7JPJcRz+8O8GBKVgqndTzydQ7B2XGDbxtbvFkvIs53uXTobOhv+RyaqhUiMg==",
      "cpu": [
        "arm"
      ],
      "dev": true,
      "optional": true,
      "os": [
        "linux"
      ],
      "engines": {
        "node": ">=12"
      }
    },
    "node_modules/@esbuild/linux-arm64": {
      "version": "0.17.11",
      "resolved": "https://registry.npmjs.org/@esbuild/linux-arm64/-/linux-arm64-0.17.11.tgz",
      "integrity": "sha512-Qxth3gsWWGKz2/qG2d5DsW/57SeA2AmpSMhdg9TSB5Svn2KDob3qxfQSkdnWjSd42kqoxIPy3EJFs+6w1+6Qjg==",
      "cpu": [
        "arm64"
      ],
      "dev": true,
      "optional": true,
      "os": [
        "linux"
      ],
      "engines": {
        "node": ">=12"
      }
    },
    "node_modules/@esbuild/linux-ia32": {
      "version": "0.17.11",
      "resolved": "https://registry.npmjs.org/@esbuild/linux-ia32/-/linux-ia32-0.17.11.tgz",
      "integrity": "sha512-dB1nGaVWtUlb/rRDHmuDQhfqazWE0LMro/AIbT2lWM3CDMHJNpLckH+gCddQyhhcLac2OYw69ikUMO34JLt3wA==",
      "cpu": [
        "ia32"
      ],
      "dev": true,
      "optional": true,
      "os": [
        "linux"
      ],
      "engines": {
        "node": ">=12"
      }
    },
    "node_modules/@esbuild/linux-loong64": {
      "version": "0.17.11",
      "resolved": "https://registry.npmjs.org/@esbuild/linux-loong64/-/linux-loong64-0.17.11.tgz",
      "integrity": "sha512-aCWlq70Q7Nc9WDnormntGS1ar6ZFvUpqr8gXtO+HRejRYPweAFQN615PcgaSJkZjhHp61+MNLhzyVALSF2/Q0g==",
      "cpu": [
        "loong64"
      ],
      "dev": true,
      "optional": true,
      "os": [
        "linux"
      ],
      "engines": {
        "node": ">=12"
      }
    },
    "node_modules/@esbuild/linux-mips64el": {
      "version": "0.17.11",
      "resolved": "https://registry.npmjs.org/@esbuild/linux-mips64el/-/linux-mips64el-0.17.11.tgz",
      "integrity": "sha512-cGeGNdQxqY8qJwlYH1BP6rjIIiEcrM05H7k3tR7WxOLmD1ZxRMd6/QIOWMb8mD2s2YJFNRuNQ+wjMhgEL2oCEw==",
      "cpu": [
        "mips64el"
      ],
      "dev": true,
      "optional": true,
      "os": [
        "linux"
      ],
      "engines": {
        "node": ">=12"
      }
    },
    "node_modules/@esbuild/linux-ppc64": {
      "version": "0.17.11",
      "resolved": "https://registry.npmjs.org/@esbuild/linux-ppc64/-/linux-ppc64-0.17.11.tgz",
      "integrity": "sha512-BdlziJQPW/bNe0E8eYsHB40mYOluS+jULPCjlWiHzDgr+ZBRXPtgMV1nkLEGdpjrwgmtkZHEGEPaKdS/8faLDA==",
      "cpu": [
        "ppc64"
      ],
      "dev": true,
      "optional": true,
      "os": [
        "linux"
      ],
      "engines": {
        "node": ">=12"
      }
    },
    "node_modules/@esbuild/linux-riscv64": {
      "version": "0.17.11",
      "resolved": "https://registry.npmjs.org/@esbuild/linux-riscv64/-/linux-riscv64-0.17.11.tgz",
      "integrity": "sha512-MDLwQbtF+83oJCI1Cixn68Et/ME6gelmhssPebC40RdJaect+IM+l7o/CuG0ZlDs6tZTEIoxUe53H3GmMn8oMA==",
      "cpu": [
        "riscv64"
      ],
      "dev": true,
      "optional": true,
      "os": [
        "linux"
      ],
      "engines": {
        "node": ">=12"
      }
    },
    "node_modules/@esbuild/linux-s390x": {
      "version": "0.17.11",
      "resolved": "https://registry.npmjs.org/@esbuild/linux-s390x/-/linux-s390x-0.17.11.tgz",
      "integrity": "sha512-4N5EMESvws0Ozr2J94VoUD8HIRi7X0uvUv4c0wpTHZyZY9qpaaN7THjosdiW56irQ4qnJ6Lsc+i+5zGWnyqWqQ==",
      "cpu": [
        "s390x"
      ],
      "dev": true,
      "optional": true,
      "os": [
        "linux"
      ],
      "engines": {
        "node": ">=12"
      }
    },
    "node_modules/@esbuild/linux-x64": {
      "version": "0.17.11",
      "resolved": "https://registry.npmjs.org/@esbuild/linux-x64/-/linux-x64-0.17.11.tgz",
      "integrity": "sha512-rM/v8UlluxpytFSmVdbCe1yyKQd/e+FmIJE2oPJvbBo+D0XVWi1y/NQ4iTNx+436WmDHQBjVLrbnAQLQ6U7wlw==",
      "cpu": [
        "x64"
      ],
      "dev": true,
      "optional": true,
      "os": [
        "linux"
      ],
      "engines": {
        "node": ">=12"
      }
    },
    "node_modules/@esbuild/netbsd-x64": {
      "version": "0.17.11",
      "resolved": "https://registry.npmjs.org/@esbuild/netbsd-x64/-/netbsd-x64-0.17.11.tgz",
      "integrity": "sha512-4WaAhuz5f91h3/g43VBGdto1Q+X7VEZfpcWGtOFXnggEuLvjV+cP6DyLRU15IjiU9fKLLk41OoJfBFN5DhPvag==",
      "cpu": [
        "x64"
      ],
      "dev": true,
      "optional": true,
      "os": [
        "netbsd"
      ],
      "engines": {
        "node": ">=12"
      }
    },
    "node_modules/@esbuild/openbsd-x64": {
      "version": "0.17.11",
      "resolved": "https://registry.npmjs.org/@esbuild/openbsd-x64/-/openbsd-x64-0.17.11.tgz",
      "integrity": "sha512-UBj135Nx4FpnvtE+C8TWGp98oUgBcmNmdYgl5ToKc0mBHxVVqVE7FUS5/ELMImOp205qDAittL6Ezhasc2Ev/w==",
      "cpu": [
        "x64"
      ],
      "dev": true,
      "optional": true,
      "os": [
        "openbsd"
      ],
      "engines": {
        "node": ">=12"
      }
    },
    "node_modules/@esbuild/sunos-x64": {
      "version": "0.17.11",
      "resolved": "https://registry.npmjs.org/@esbuild/sunos-x64/-/sunos-x64-0.17.11.tgz",
      "integrity": "sha512-1/gxTifDC9aXbV2xOfCbOceh5AlIidUrPsMpivgzo8P8zUtczlq1ncFpeN1ZyQJ9lVs2hILy1PG5KPp+w8QPPg==",
      "cpu": [
        "x64"
      ],
      "dev": true,
      "optional": true,
      "os": [
        "sunos"
      ],
      "engines": {
        "node": ">=12"
      }
    },
    "node_modules/@esbuild/win32-arm64": {
      "version": "0.17.11",
      "resolved": "https://registry.npmjs.org/@esbuild/win32-arm64/-/win32-arm64-0.17.11.tgz",
      "integrity": "sha512-vtSfyx5yRdpiOW9yp6Ax0zyNOv9HjOAw8WaZg3dF5djEHKKm3UnoohftVvIJtRh0Ec7Hso0RIdTqZvPXJ7FdvQ==",
      "cpu": [
        "arm64"
      ],
      "dev": true,
      "optional": true,
      "os": [
        "win32"
      ],
      "engines": {
        "node": ">=12"
      }
    },
    "node_modules/@esbuild/win32-ia32": {
      "version": "0.17.11",
      "resolved": "https://registry.npmjs.org/@esbuild/win32-ia32/-/win32-ia32-0.17.11.tgz",
      "integrity": "sha512-GFPSLEGQr4wHFTiIUJQrnJKZhZjjq4Sphf+mM76nQR6WkQn73vm7IsacmBRPkALfpOCHsopSvLgqdd4iUW2mYw==",
      "cpu": [
        "ia32"
      ],
      "dev": true,
      "optional": true,
      "os": [
        "win32"
      ],
      "engines": {
        "node": ">=12"
      }
    },
    "node_modules/@esbuild/win32-x64": {
      "version": "0.17.11",
      "resolved": "https://registry.npmjs.org/@esbuild/win32-x64/-/win32-x64-0.17.11.tgz",
      "integrity": "sha512-N9vXqLP3eRL8BqSy8yn4Y98cZI2pZ8fyuHx6lKjiG2WABpT2l01TXdzq5Ma2ZUBzfB7tx5dXVhge8X9u0S70ZQ==",
      "cpu": [
        "x64"
      ],
      "dev": true,
      "optional": true,
      "os": [
        "win32"
      ],
      "engines": {
        "node": ">=12"
      }
    },
    "node_modules/core-util-is": {
      "version": "1.0.3",
      "resolved": "https://registry.npmjs.org/core-util-is/-/core-util-is-1.0.3.tgz",
      "integrity": "sha512-ZQBvi1DcpJ4GDqanjucZ2Hj3wEO5pZDS89BWbkcrvdxksJorwUDDZamX9ldFkp9aw2lmBDLgkObEA4DWNJ9FYQ=="
    },
    "node_modules/esbuild": {
      "version": "0.17.11",
      "resolved": "https://registry.npmjs.org/esbuild/-/esbuild-0.17.11.tgz",
      "integrity": "sha512-pAMImyokbWDtnA/ufPxjQg0fYo2DDuzAlqwnDvbXqHLphe+m80eF++perYKVm8LeTuj2zUuFXC+xgSVxyoHUdg==",
      "dev": true,
      "hasInstallScript": true,
      "bin": {
        "esbuild": "bin/esbuild"
      },
      "engines": {
        "node": ">=12"
      },
      "optionalDependencies": {
        "@esbuild/android-arm": "0.17.11",
        "@esbuild/android-arm64": "0.17.11",
        "@esbuild/android-x64": "0.17.11",
        "@esbuild/darwin-arm64": "0.17.11",
        "@esbuild/darwin-x64": "0.17.11",
        "@esbuild/freebsd-arm64": "0.17.11",
        "@esbuild/freebsd-x64": "0.17.11",
        "@esbuild/linux-arm": "0.17.11",
        "@esbuild/linux-arm64": "0.17.11",
        "@esbuild/linux-ia32": "0.17.11",
        "@esbuild/linux-loong64": "0.17.11",
        "@esbuild/linux-mips64el": "0.17.11",
        "@esbuild/linux-ppc64": "0.17.11",
        "@esbuild/linux-riscv64": "0.17.11",
        "@esbuild/linux-s390x": "0.17.11",
        "@esbuild/linux-x64": "0.17.11",
        "@esbuild/netbsd-x64": "0.17.11",
        "@esbuild/openbsd-x64": "0.17.11",
        "@esbuild/sunos-x64": "0.17.11",
        "@esbuild/win32-arm64": "0.17.11",
        "@esbuild/win32-ia32": "0.17.11",
        "@esbuild/win32-x64": "0.17.11"
      }
    },
    "node_modules/frac": {
      "version": "1.1.2",
      "resolved": "https://registry.npmjs.org/frac/-/frac-1.1.2.tgz",
      "integrity": "sha512-w/XBfkibaTl3YDqASwfDUqkna4Z2p9cFSr1aHDt0WoMTECnRfBOv2WArlZILlqgWlmdIlALXGpM2AOhEk5W3IA==",
      "engines": {
        "node": ">=0.8"
      }
    },
    "node_modules/immediate": {
      "version": "3.0.6",
      "resolved": "https://registry.npmjs.org/immediate/-/immediate-3.0.6.tgz",
      "integrity": "sha512-XXOFtyqDjNDAQxVfYxuF7g9Il/IbWmmlQg2MYKOH8ExIT1qg6xc4zyS3HaEEATgs1btfzxq15ciUiY7gjSXRGQ=="
    },
    "node_modules/inherits": {
      "version": "2.0.4",
      "resolved": "https://registry.npmjs.org/inherits/-/inherits-2.0.4.tgz",
      "integrity": "sha512-k/vGaX4/Yla3WzyMCvTQOXYeIHvqOKtnqBduzTHpzpQZzAskKMhZ2K+EnBiSM9zGSoIFeMpXKxa4dYeZIQqewQ=="
    },
    "node_modules/isarray": {
      "version": "1.0.0",
      "resolved": "https://registry.npmjs.org/isarray/-/isarray-1.0.0.tgz",
      "integrity": "sha512-VLghIWNM6ELQzo7zwmcg0NmTVyWKYjvIeM83yjp0wRDTmUnrM678fQbcKBo6n2CJEF0szoG//ytg+TKla89ALQ=="
    },
    "node_modules/jszip": {
      "version": "3.10.1",
      "resolved": "https://registry.npmjs.org/jszip/-/jszip-3.10.1.tgz",
      "integrity": "sha512-xXDvecyTpGLrqFrvkrUSoxxfJI5AH7U8zxxtVclpsUtMCq4JQ290LY8AW5c7Ggnr/Y/oK+bQMbqK2qmtk3pN4g==",
      "dependencies": {
        "lie": "~3.3.0",
        "pako": "~1.0.2",
        "readable-stream": "~2.3.6",
        "setimmediate": "^1.0.5"
      }
    },
    "node_modules/lie": {
      "version": "3.3.0",
      "resolved": "https://registry.npmjs.org/lie/-/lie-3.3.0.tgz",
      "integrity": "sha512-UaiMJzeWRlEujzAuw5LokY1L5ecNQYZKfmyZ9L7wDHb/p5etKaxXhohBcrw0EYby+G/NA52vRSN4N39dxHAIwQ==",
      "dependencies": {
        "immediate": "~3.0.5"
      }
    },
    "node_modules/node-stream-zip": {
      "version": "1.15.0",
      "resolved": "https://registry.npmjs.org/node-stream-zip/-/node-stream-zip-1.15.0.tgz",
      "integrity": "sha512-LN4fydt9TqhZhThkZIVQnF9cwjU3qmUH9h78Mx/K7d3VvfRqqwthLwJEUOEL0QPZ0XQmNN7be5Ggit5+4dq3Bw==",
      "engines": {
        "node": ">=0.12.0"
      },
      "funding": {
        "type": "github",
        "url": "https://github.com/sponsors/antelle"
      }
    },
    "node_modules/pako": {
      "version": "1.0.11",
      "resolved": "https://registry.npmjs.org/pako/-/pako-1.0.11.tgz",
      "integrity": "sha512-4hLB8Py4zZce5s4yd9XzopqwVv/yGNhV1Bl8NTmCq1763HeK2+EwVTv+leGeL13Dnh2wfbqowVPXCIO0z4taYw=="
    },
    "node_modules/process-nextick-args": {
      "version": "2.0.1",
      "resolved": "https://registry.npmjs.org/process-nextick-args/-/process-nextick-args-2.0.1.tgz",
      "integrity": "sha512-3ouUOpQhtgrbOa17J7+uxOTpITYWaGP7/AhoR3+A+/1e9skrzelGi/dXzEYyvbxubEF6Wn2ypscTKiKJFFn1ag=="
    },
    "node_modules/readable-stream": {
      "version": "2.3.7",
      "resolved": "https://registry.npmjs.org/readable-stream/-/readable-stream-2.3.7.tgz",
      "integrity": "sha512-Ebho8K4jIbHAxnuxi7o42OrZgF/ZTNcsZj6nRKyUmkhLFq8CHItp/fy6hQZuZmP/n3yZ9VBUbp4zz/mX8hmYPw==",
      "dependencies": {
        "core-util-is": "~1.0.0",
        "inherits": "~2.0.3",
        "isarray": "~1.0.0",
        "process-nextick-args": "~2.0.0",
        "safe-buffer": "~5.1.1",
        "string_decoder": "~1.1.1",
        "util-deprecate": "~1.0.1"
      }
    },
    "node_modules/safe-buffer": {
      "version": "5.1.2",
      "resolved": "https://registry.npmjs.org/safe-buffer/-/safe-buffer-5.1.2.tgz",
      "integrity": "sha512-Gd2UZBJDkXlY7GbJxfsE8/nvKkUEU1G38c1siN6QP6a9PT9MmHB8GnpscSmMJSoF8LOIrt8ud/wPtojys4G6+g=="
    },
    "node_modules/saxes": {
      "version": "6.0.0",
      "resolved": "https://registry.npmjs.org/saxes/-/saxes-6.0.0.tgz",
      "integrity": "sha512-xAg7SOnEhrm5zI3puOOKyy1OMcMlIJZYNJY7xLBwSze0UjhPLnWfj2GF2EpT0jmzaJKIWKHLsaSSajf35bcYnA==",
      "dependencies": {
        "xmlchars": "^2.2.0"
      },
      "engines": {
        "node": ">=v12.22.7"
      }
    },
    "node_modules/setimmediate": {
      "version": "1.0.5",
      "resolved": "https://registry.npmjs.org/setimmediate/-/setimmediate-1.0.5.tgz",
      "integrity": "sha512-MATJdZp8sLqDl/68LfQmbP8zKPLQNV6BIZoIgrscFDQ+RsvK/BxeDQOgyxKKoh0y/8h3BqVFnCqQ/gd+reiIXA=="
    },
    "node_modules/ssf": {
      "version": "0.11.2",
      "resolved": "https://registry.npmjs.org/ssf/-/ssf-0.11.2.tgz",
      "integrity": "sha512-+idbmIXoYET47hH+d7dfm2epdOMUDjqcB4648sTZ+t2JwoyBFL/insLfB/racrDmsKB3diwsDA696pZMieAC5g==",
      "dependencies": {
        "frac": "~1.1.2"
      },
      "engines": {
        "node": ">=0.8"
      }
    },
    "node_modules/string_decoder": {
      "version": "1.1.1",
      "resolved": "https://registry.npmjs.org/string_decoder/-/string_decoder-1.1.1.tgz",
      "integrity": "sha512-n/ShnvDi6FHbbVfviro+WojiFzv+s8MPMHBczVePfUpDJLwoLT0ht1l4YwBCbi8pJAveEEdnkHyPyTP/mzRfwg==",
      "dependencies": {
        "safe-buffer": "~5.1.0"
      }
    },
    "node_modules/util-deprecate": {
      "version": "1.0.2",
      "resolved": "https://registry.npmjs.org/util-deprecate/-/util-deprecate-1.0.2.tgz",
      "integrity": "sha512-EPD5q1uXyFxJpCrLnCc1nHnq3gOa6DZBocAIiI2TaSCA7VCJ1UJDMagCzIkXNsUYfD1daK//LTEQ8xiIbrHtcw=="
    },
    "node_modules/xmlchars": {
      "version": "2.2.0",
      "resolved": "https://registry.npmjs.org/xmlchars/-/xmlchars-2.2.0.tgz",
      "integrity": "sha512-JZnDKK8B0RCDw84FNdDAIpZK+JuJw+s7Lz8nksI7SIuU3UXJJslUthsi+uWBUYOwPFwW7W7PRLRfUKpxjtjFCw=="
    }
  },
  "dependencies": {
    "@esbuild/android-arm": {
      "version": "0.17.11",
      "resolved": "https://registry.npmjs.org/@esbuild/android-arm/-/android-arm-0.17.11.tgz",
      "integrity": "sha512-CdyX6sRVh1NzFCsf5vw3kULwlAhfy9wVt8SZlrhQ7eL2qBjGbFhRBWkkAzuZm9IIEOCKJw4DXA6R85g+qc8RDw==",
      "dev": true,
      "optional": true
    },
    "@esbuild/android-arm64": {
      "version": "0.17.11",
      "resolved": "https://registry.npmjs.org/@esbuild/android-arm64/-/android-arm64-0.17.11.tgz",
      "integrity": "sha512-QnK4d/zhVTuV4/pRM4HUjcsbl43POALU2zvBynmrrqZt9LPcLA3x1fTZPBg2RRguBQnJcnU059yKr+bydkntjg==",
      "dev": true,
      "optional": true
    },
    "@esbuild/android-x64": {
      "version": "0.17.11",
      "resolved": "https://registry.npmjs.org/@esbuild/android-x64/-/android-x64-0.17.11.tgz",
      "integrity": "sha512-3PL3HKtsDIXGQcSCKtWD/dy+mgc4p2Tvo2qKgKHj9Yf+eniwFnuoQ0OUhlSfAEpKAFzF9N21Nwgnap6zy3L3MQ==",
      "dev": true,
      "optional": true
    },
    "@esbuild/darwin-arm64": {
      "version": "0.17.11",
      "resolved": "https://registry.npmjs.org/@esbuild/darwin-arm64/-/darwin-arm64-0.17.11.tgz",
      "integrity": "sha512-pJ950bNKgzhkGNO3Z9TeHzIFtEyC2GDQL3wxkMApDEghYx5Qers84UTNc1bAxWbRkuJOgmOha5V0WUeh8G+YGw==",
      "dev": true,
      "optional": true
    },
    "@esbuild/darwin-x64": {
      "version": "0.17.11",
      "resolved": "https://registry.npmjs.org/@esbuild/darwin-x64/-/darwin-x64-0.17.11.tgz",
      "integrity": "sha512-iB0dQkIHXyczK3BZtzw1tqegf0F0Ab5texX2TvMQjiJIWXAfM4FQl7D909YfXWnB92OQz4ivBYQ2RlxBJrMJOw==",
      "dev": true,
      "optional": true
    },
    "@esbuild/freebsd-arm64": {
      "version": "0.17.11",
      "resolved": "https://registry.npmjs.org/@esbuild/freebsd-arm64/-/freebsd-arm64-0.17.11.tgz",
      "integrity": "sha512-7EFzUADmI1jCHeDRGKgbnF5sDIceZsQGapoO6dmw7r/ZBEKX7CCDnIz8m9yEclzr7mFsd+DyasHzpjfJnmBB1Q==",
      "dev": true,
      "optional": true
    },
    "@esbuild/freebsd-x64": {
      "version": "0.17.11",
      "resolved": "https://registry.npmjs.org/@esbuild/freebsd-x64/-/freebsd-x64-0.17.11.tgz",
      "integrity": "sha512-iPgenptC8i8pdvkHQvXJFzc1eVMR7W2lBPrTE6GbhR54sLcF42mk3zBOjKPOodezzuAz/KSu8CPyFSjcBMkE9g==",
      "dev": true,
      "optional": true
    },
    "@esbuild/linux-arm": {
      "version": "0.17.11",
      "resolved": "https://registry.npmjs.org/@esbuild/linux-arm/-/linux-arm-0.17.11.tgz",
      "integrity": "sha512-M9iK/d4lgZH0U5M1R2p2gqhPV/7JPJcRz+8O8GBKVgqndTzydQ7B2XGDbxtbvFkvIs53uXTobOhv+RyaqhUiMg==",
      "dev": true,
      "optional": true
    },
    "@esbuild/linux-arm64": {
      "version": "0.17.11",
      "resolved": "https://registry.npmjs.org/@esbuild/linux-arm64/-/linux-arm64-0.17.11.tgz",
      "integrity": "sha512-Qxth3gsWWGKz2/qG2d5DsW/57SeA2AmpSMhdg9TSB5Svn2KDob3qxfQSkdnWjSd42kqoxIPy3EJFs+6w1+6Qjg==",
      "dev": true,
      "optional": true
    },
    "@esbuild/linux-ia32": {
      "version": "0.17.11",
      "resolved": "https://registry.npmjs.org/@esbuild/linux-ia32/-/linux-ia32-0.17.11.tgz",
      "integrity": "sha512-dB1nGaVWtUlb/rRDHmuDQhfqazWE0LMro/AIbT2lWM3CDMHJNpLckH+gCddQyhhcLac2OYw69ikUMO34JLt3wA==",
      "dev": true,
      "optional": true
    },
    "@esbuild/linux-loong64": {
      "version": "0.17.11",
      "resolved": "https://registry.npmjs.org/@esbuild/linux-loong64/-/linux-loong64-0.17.11.tgz",
      "integrity": "sha512-aCWlq70Q7Nc9WDnormntGS1ar6ZFvUpqr8gXtO+HRejRYPweAFQN615PcgaSJkZjhHp61+MNLhzyVALSF2/Q0g==",
      "dev": true,
      "optional": true
    },
    "@esbuild/linux-mips64el": {
      "version": "0.17.11",
      "resolved": "https://registry.npmjs.org/@esbuild/linux-mips64el/-/linux-mips64el-0.17.11.tgz",
      "integrity": "sha512-cGeGNdQxqY8qJwlYH1BP6rjIIiEcrM05H7k3tR7WxOLmD1ZxRMd6/QIOWMb8mD2s2YJFNRuNQ+wjMhgEL2oCEw==",
      "dev": true,
      "optional": true
    },
    "@esbuild/linux-ppc64": {
      "version": "0.17.11",
      "resolved": "https://registry.npmjs.org/@esbuild/linux-ppc64/-/linux-ppc64-0.17.11.tgz",
      "integrity": "sha512-BdlziJQPW/bNe0E8eYsHB40mYOluS+jULPCjlWiHzDgr+ZBRXPtgMV1nkLEGdpjrwgmtkZHEGEPaKdS/8faLDA==",
      "dev": true,
      "optional": true
    },
    "@esbuild/linux-riscv64": {
      "version": "0.17.11",
      "resolved": "https://registry.npmjs.org/@esbuild/linux-riscv64/-/linux-riscv64-0.17.11.tgz",
      "integrity": "sha512-MDLwQbtF+83oJCI1Cixn68Et/ME6gelmhssPebC40RdJaect+IM+l7o/CuG0ZlDs6tZTEIoxUe53H3GmMn8oMA==",
      "dev": true,
      "optional": true
    },
    "@esbuild/linux-s390x": {
      "version": "0.17.11",
      "resolved": "https://registry.npmjs.org/@esbuild/linux-s390x/-/linux-s390x-0.17.11.tgz",
      "integrity": "sha512-4N5EMESvws0Ozr2J94VoUD8HIRi7X0uvUv4c0wpTHZyZY9qpaaN7THjosdiW56irQ4qnJ6Lsc+i+5zGWnyqWqQ==",
      "dev": true,
      "optional": true
    },
    "@esbuild/linux-x64": {
      "version": "0.17.11",
      "resolved": "https://registry.npmjs.org/@esbuild/linux-x64/-/linux-x64-0.17.11.tgz",
      "integrity": "sha512-rM/v8UlluxpytFSmVdbCe1yyKQd/e+FmIJE2oPJvbBo+D0XVWi1y/NQ4iTNx+436WmDHQBjVLrbnAQLQ6U7wlw==",
      "dev": true,
      "optional": true
    },
    "@esbuild/netbsd-x64": {
      "version": "0.17.11",
      "resolved": "https://registry.npmjs.org/@esbuild/netbsd-x64/-/netbsd-x64-0.17.11.tgz",
      "integrity": "sha512-4WaAhuz5f91h3/g43VBGdto1Q+X7VEZfpcWGtOFXnggEuLvjV+cP6DyLRU15IjiU9fKLLk41OoJfBFN5DhPvag==",
      "dev": true,
      "optional": true
    },
    "@esbuild/openbsd-x64": {
      "version": "0.17.11",
      "resolved": "https://registry.npmjs.org/@esbuild/openbsd-x64/-/openbsd-x64-0.17.11.tgz",
      "integrity": "sha512-UBj135Nx4FpnvtE+C8TWGp98oUgBcmNmdYgl5ToKc0mBHxVVqVE7FUS5/ELMImOp205qDAittL6Ezhasc2Ev/w==",
      "dev": true,
      "optional": true
    },
    "@esbuild/sunos-x64": {
      "version": "0.17.11",
      "resolved": "https://registry.npmjs.org/@esbuild/sunos-x64/-/sunos-x64-0.17.11.tgz",
      "integrity": "sha512-1/gxTifDC9aXbV2xOfCbOceh5AlIidUrPsMpivgzo8P8zUtczlq1ncFpeN1ZyQJ9lVs2hILy1PG5KPp+w8QPPg==",
      "dev": true,
      "optional": true
    },
    "@esbuild/win32-arm64": {
      "version": "0.17.11",
      "resolved": "https://registry.npmjs.org/@esbuild/win32-arm64/-/win32-arm64-0.17.11.tgz",
      "integrity": "sha512-vtSfyx5yRdpiOW9yp6Ax0zyNOv9HjOAw8WaZg3dF5djEHKKm3UnoohftVvIJtRh0Ec7Hso0RIdTqZvPXJ7FdvQ==",
      "dev": true,
      "optional": true
    },
    "@esbuild/win32-ia32": {
      "version": "0.17.11",
      "resolved": "https://registry.npmjs.org/@esbuild/win32-ia32/-/win32-ia32-0.17.11.tgz",
      "integrity": "sha512-GFPSLEGQr4wHFTiIUJQrnJKZhZjjq4Sphf+mM76nQR6WkQn73vm7IsacmBRPkALfpOCHsopSvLgqdd4iUW2mYw==",
      "dev": true,
      "optional": true
    },
    "@esbuild/win32-x64": {
      "version": "0.17.11",
      "resolved": "https://registry.npmjs.org/@esbuild/win32-x64/-/win32-x64-0.17.11.tgz",
      "integrity": "sha512-N9vXqLP3eRL8BqSy8yn4Y98cZI2pZ8fyuHx6lKjiG2WABpT2l01TXdzq5Ma2ZUBzfB7tx5dXVhge8X9u0S70ZQ==",
      "dev": true,
      "optional": true
    },
    "core-util-is": {
      "version": "1.0.3",
      "resolved": "https://registry.npmjs.org/core-util-is/-/core-util-is-1.0.3.tgz",
      "integrity": "sha512-ZQBvi1DcpJ4GDqanjucZ2Hj3wEO5pZDS89BWbkcrvdxksJorwUDDZamX9ldFkp9aw2lmBDLgkObEA4DWNJ9FYQ=="
    },
    "esbuild": {
      "version": "0.17.11",
      "resolved": "https://registry.npmjs.org/esbuild/-/esbuild-0.17.11.tgz",
      "integrity": "sha512-pAMImyokbWDtnA/ufPxjQg0fYo2DDuzAlqwnDvbXqHLphe+m80eF++perYKVm8LeTuj2zUuFXC+xgSVxyoHUdg==",
      "dev": true,
      "requires": {
        "@esbuild/android-arm": "0.17.11",
        "@esbuild/android-arm64": "0.17.11",
        "@esbuild/android-x64": "0.17.11",
        "@esbuild/darwin-arm64": "0.17.11",
        "@esbuild/darwin-x64": "0.17.11",
        "@esbuild/freebsd-arm64": "0.17.11",
        "@esbuild/freebsd-x64": "0.17.11",
        "@esbuild/linux-arm": "0.17.11",
        "@esbuild/linux-arm64": "0.17.11",
        "@esbuild/linux-ia32": "0.17.11",
        "@esbuild/linux-loong64": "0.17.11",
        "@esbuild/linux-mips64el": "0.17.11",
        "@esbuild/linux-ppc64": "0.17.11",
        "@esbuild/linux-riscv64": "0.17.11",
        "@esbuild/linux-s390x": "0.17.11",
        "@esbuild/linux-x64": "0.17.11",
        "@esbuild/netbsd-x64": "0.17.11",
        "@esbuild/openbsd-x64": "0.17.11",
        "@esbuild/sunos-x64": "0.17.11",
        "@esbuild/win32-arm64": "0.17.11",
        "@esbuild/win32-ia32": "0.17.11",
        "@esbuild/win32-x64": "0.17.11"
      }
    },
    "frac": {
      "version": "1.1.2",
      "resolved": "https://registry.npmjs.org/frac/-/frac-1.1.2.tgz",
      "integrity": "sha512-w/XBfkibaTl3YDqASwfDUqkna4Z2p9cFSr1aHDt0WoMTECnRfBOv2WArlZILlqgWlmdIlALXGpM2AOhEk5W3IA=="
    },
    "immediate": {
      "version": "3.0.6",
      "resolved": "https://registry.npmjs.org/immediate/-/immediate-3.0.6.tgz",
      "integrity": "sha512-XXOFtyqDjNDAQxVfYxuF7g9Il/IbWmmlQg2MYKOH8ExIT1qg6xc4zyS3HaEEATgs1btfzxq15ciUiY7gjSXRGQ=="
    },
    "inherits": {
      "version": "2.0.4",
      "resolved": "https://registry.npmjs.org/inherits/-/inherits-2.0.4.tgz",
      "integrity": "sha512-k/vGaX4/Yla3WzyMCvTQOXYeIHvqOKtnqBduzTHpzpQZzAskKMhZ2K+EnBiSM9zGSoIFeMpXKxa4dYeZIQqewQ=="
    },
    "isarray": {
      "version": "1.0.0",
      "resolved": "https://registry.npmjs.org/isarray/-/isarray-1.0.0.tgz",
      "integrity": "sha512-VLghIWNM6ELQzo7zwmcg0NmTVyWKYjvIeM83yjp0wRDTmUnrM678fQbcKBo6n2CJEF0szoG//ytg+TKla89ALQ=="
    },
    "jszip": {
      "version": "3.10.1",
      "resolved": "https://registry.npmjs.org/jszip/-/jszip-3.10.1.tgz",
      "integrity": "sha512-xXDvecyTpGLrqFrvkrUSoxxfJI5AH7U8zxxtVclpsUtMCq4JQ290LY8AW5c7Ggnr/Y/oK+bQMbqK2qmtk3pN4g==",
      "requires": {
        "lie": "~3.3.0",
        "pako": "~1.0.2",
        "readable-stream": "~2.3.6",
        "setimmediate": "^1.0.5"
      }
    },
    "lie": {
      "version": "3.3.0",
      "resolved": "https://registry.npmjs.org/lie/-/lie-3.3.0.tgz",
      "integrity": "sha512-UaiMJzeWRlEujzAuw5LokY1L5ecNQYZKfmyZ9L7wDHb/p5etKaxXhohBcrw0EYby+G/NA52vRSN4N39dxHAIwQ==",
      "requires": {
        "immediate": "~3.0.5"
      }
    },
    "node-stream-zip": {
      "version": "1.15.0",
      "resolved": "https://registry.npmjs.org/node-stream-zip/-/node-stream-zip-1.15.0.tgz",
      "integrity": "sha512-LN4fydt9TqhZhThkZIVQnF9cwjU3qmUH9h78Mx/K7d3VvfRqqwthLwJEUOEL0QPZ0XQmNN7be5Ggit5+4dq3Bw=="
    },
    "pako": {
      "version": "1.0.11",
      "resolved": "https://registry.npmjs.org/pako/-/pako-1.0.11.tgz",
      "integrity": "sha512-4hLB8Py4zZce5s4yd9XzopqwVv/yGNhV1Bl8NTmCq1763HeK2+EwVTv+leGeL13Dnh2wfbqowVPXCIO0z4taYw=="
    },
    "process-nextick-args": {
      "version": "2.0.1",
      "resolved": "https://registry.npmjs.org/process-nextick-args/-/process-nextick-args-2.0.1.tgz",
      "integrity": "sha512-3ouUOpQhtgrbOa17J7+uxOTpITYWaGP7/AhoR3+A+/1e9skrzelGi/dXzEYyvbxubEF6Wn2ypscTKiKJFFn1ag=="
    },
    "readable-stream": {
      "version": "2.3.7",
      "resolved": "https://registry.npmjs.org/readable-stream/-/readable-stream-2.3.7.tgz",
      "integrity": "sha512-Ebho8K4jIbHAxnuxi7o42OrZgF/ZTNcsZj6nRKyUmkhLFq8CHItp/fy6hQZuZmP/n3yZ9VBUbp4zz/mX8hmYPw==",
      "requires": {
        "core-util-is": "~1.0.0",
        "inherits": "~2.0.3",
        "isarray": "~1.0.0",
        "process-nextick-args": "~2.0.0",
        "safe-buffer": "~5.1.1",
        "string_decoder": "~1.1.1",
        "util-deprecate": "~1.0.1"
      }
    },
    "safe-buffer": {
      "version": "5.1.2",
      "resolved": "https://registry.npmjs.org/safe-buffer/-/safe-buffer-5.1.2.tgz",
      "integrity": "sha512-Gd2UZBJDkXlY7GbJxfsE8/nvKkUEU1G38c1siN6QP6a9PT9MmHB8GnpscSmMJSoF8LOIrt8ud/wPtojys4G6+g=="
    },
    "saxes": {
      "version": "6.0.0",
      "resolved": "https://registry.npmjs.org/saxes/-/saxes-6.0.0.tgz",
      "integrity": "sha512-xAg7SOnEhrm5zI3puOOKyy1OMcMlIJZYNJY7xLBwSze0UjhPLnWfj2GF2EpT0jmzaJKIWKHLsaSSajf35bcYnA==",
      "requires": {
        "xmlchars": "^2.2.0"
      }
    },
    "setimmediate": {
      "version": "1.0.5",
      "resolved": "https://registry.npmjs.org/setimmediate/-/setimmediate-1.0.5.tgz",
      "integrity": "sha512-MATJdZp8sLqDl/68LfQmbP8zKPLQNV6BIZoIgrscFDQ+RsvK/BxeDQOgyxKKoh0y/8h3BqVFnCqQ/gd+reiIXA=="
    },
    "ssf": {
      "version": "0.11.2",
      "resolved": "https://registry.npmjs.org/ssf/-/ssf-0.11.2.tgz",
      "integrity": "sha512-+idbmIXoYET47hH+d7dfm2epdOMUDjqcB4648sTZ+t2JwoyBFL/insLfB/racrDmsKB3diwsDA696pZMieAC5g==",
      "requires": {
        "frac": "~1.1.2"
      }
    },
    "string_decoder": {
      "version": "1.1.1",
      "resolved": "https://registry.npmjs.org/string_decoder/-/string_decoder-1.1.1.tgz",
      "integrity": "sha512-n/ShnvDi6FHbbVfviro+WojiFzv+s8MPMHBczVePfUpDJLwoLT0ht1l4YwBCbi8pJAveEEdnkHyPyTP/mzRfwg==",
      "requires": {
        "safe-buffer": "~5.1.0"
      }
    },
    "util-deprecate": {
      "version": "1.0.2",
      "resolved": "https://registry.npmjs.org/util-deprecate/-/util-deprecate-1.0.2.tgz",
      "integrity": "sha512-EPD5q1uXyFxJpCrLnCc1nHnq3gOa6DZBocAIiI2TaSCA7VCJ1UJDMagCzIkXNsUYfD1daK//LTEQ8xiIbrHtcw=="
    },
    "xmlchars": {
      "version": "2.2.0",
      "resolved": "https://registry.npmjs.org/xmlchars/-/xmlchars-2.2.0.tgz",
      "integrity": "sha512-JZnDKK8B0RCDw84FNdDAIpZK+JuJw+s7Lz8nksI7SIuU3UXJJslUthsi+uWBUYOwPFwW7W7PRLRfUKpxjtjFCw=="
    }
  }
}
