{
  "name": "@ailnaf/xlsx2csv",
  "version": "1.3.8",
  "lockfileVersion": 2,
  "requires": true,
  "packages": {
    "": {
      "name": "@ailnaf/xlsx2csv",
      "version": "1.3.8",
      "license": "MIT",
      "dependencies": {
        "jszip": "^3.10.1",
        "node-stream-zip": "^1.15.0",
        "saxes": "^6.0.0",
        "ssf": "^0.11.2"
      },
      "devDependencies": {
        "esbuild": "^0.17.0"
      }
    },
    "node_modules/@esbuild/android-arm": {
      "version": "0.17.5",
      "resolved": "https://registry.npmjs.org/@esbuild/android-arm/-/android-arm-0.17.5.tgz",
      "integrity": "sha512-crmPUzgCmF+qZXfl1YkiFoUta2XAfixR1tEnr/gXIixE+WL8Z0BGqfydP5oox0EUOgQMMRgtATtakyAcClQVqQ==",
      "cpu": [
        "arm"
      ],
      "dev": true,
      "optional": true,
      "os": [
        "android"
      ],
      "engines": {
        "node": ">=12"
      }
    },
    "node_modules/@esbuild/android-arm64": {
      "version": "0.17.5",
      "resolved": "https://registry.npmjs.org/@esbuild/android-arm64/-/android-arm64-0.17.5.tgz",
      "integrity": "sha512-KHWkDqYAMmKZjY4RAN1PR96q6UOtfkWlTS8uEwWxdLtkRt/0F/csUhXIrVfaSIFxnscIBMPynGfhsMwQDRIBQw==",
      "cpu": [
        "arm64"
      ],
      "dev": true,
      "optional": true,
      "os": [
        "android"
      ],
      "engines": {
        "node": ">=12"
      }
    },
    "node_modules/@esbuild/android-x64": {
      "version": "0.17.5",
      "resolved": "https://registry.npmjs.org/@esbuild/android-x64/-/android-x64-0.17.5.tgz",
      "integrity": "sha512-8fI/AnIdmWz/+1iza2WrCw8kwXK9wZp/yZY/iS8ioC+U37yJCeppi9EHY05ewJKN64ASoBIseufZROtcFnX5GA==",
      "cpu": [
        "x64"
      ],
      "dev": true,
      "optional": true,
      "os": [
        "android"
      ],
      "engines": {
        "node": ">=12"
      }
    },
    "node_modules/@esbuild/darwin-arm64": {
      "version": "0.17.5",
      "resolved": "https://registry.npmjs.org/@esbuild/darwin-arm64/-/darwin-arm64-0.17.5.tgz",
      "integrity": "sha512-EAvaoyIySV6Iif3NQCglUNpnMfHSUgC5ugt2efl3+QDntucJe5spn0udNZjTgNi6tKVqSceOw9tQ32liNZc1Xw==",
      "cpu": [
        "arm64"
      ],
      "dev": true,
      "optional": true,
      "os": [
        "darwin"
      ],
      "engines": {
        "node": ">=12"
      }
    },
    "node_modules/@esbuild/darwin-x64": {
      "version": "0.17.5",
      "resolved": "https://registry.npmjs.org/@esbuild/darwin-x64/-/darwin-x64-0.17.5.tgz",
      "integrity": "sha512-ha7QCJh1fuSwwCgoegfdaljowwWozwTDjBgjD3++WAy/qwee5uUi1gvOg2WENJC6EUyHBOkcd3YmLDYSZ2TPPA==",
      "cpu": [
        "x64"
      ],
      "dev": true,
      "optional": true,
      "os": [
        "darwin"
      ],
      "engines": {
        "node": ">=12"
      }
    },
    "node_modules/@esbuild/freebsd-arm64": {
      "version": "0.17.5",
      "resolved": "https://registry.npmjs.org/@esbuild/freebsd-arm64/-/freebsd-arm64-0.17.5.tgz",
      "integrity": "sha512-VbdXJkn2aI2pQ/wxNEjEcnEDwPpxt3CWWMFYmO7CcdFBoOsABRy2W8F3kjbF9F/pecEUDcI3b5i2w+By4VQFPg==",
      "cpu": [
        "arm64"
      ],
      "dev": true,
      "optional": true,
      "os": [
        "freebsd"
      ],
      "engines": {
        "node": ">=12"
      }
    },
    "node_modules/@esbuild/freebsd-x64": {
      "version": "0.17.5",
      "resolved": "https://registry.npmjs.org/@esbuild/freebsd-x64/-/freebsd-x64-0.17.5.tgz",
      "integrity": "sha512-olgGYND1/XnnWxwhjtY3/ryjOG/M4WfcA6XH8dBTH1cxMeBemMODXSFhkw71Kf4TeZFFTN25YOomaNh0vq2iXg==",
      "cpu": [
        "x64"
      ],
      "dev": true,
      "optional": true,
      "os": [
        "freebsd"
      ],
      "engines": {
        "node": ">=12"
      }
    },
    "node_modules/@esbuild/linux-arm": {
      "version": "0.17.5",
      "resolved": "https://registry.npmjs.org/@esbuild/linux-arm/-/linux-arm-0.17.5.tgz",
      "integrity": "sha512-YBdCyQwA3OQupi6W2/WO4FnI+NWFWe79cZEtlbqSESOHEg7a73htBIRiE6uHPQe7Yp5E4aALv+JxkRLGEUL7tw==",
      "cpu": [
        "arm"
      ],
      "dev": true,
      "optional": true,
      "os": [
        "linux"
      ],
      "engines": {
        "node": ">=12"
      }
    },
    "node_modules/@esbuild/linux-arm64": {
      "version": "0.17.5",
      "resolved": "https://registry.npmjs.org/@esbuild/linux-arm64/-/linux-arm64-0.17.5.tgz",
      "integrity": "sha512-8a0bqSwu3OlLCfu2FBbDNgQyBYdPJh1B9PvNX7jMaKGC9/KopgHs37t+pQqeMLzcyRqG6z55IGNQAMSlCpBuqg==",
      "cpu": [
        "arm64"
      ],
      "dev": true,
      "optional": true,
      "os": [
        "linux"
      ],
      "engines": {
        "node": ">=12"
      }
    },
    "node_modules/@esbuild/linux-ia32": {
      "version": "0.17.5",
      "resolved": "https://registry.npmjs.org/@esbuild/linux-ia32/-/linux-ia32-0.17.5.tgz",
      "integrity": "sha512-uCwm1r/+NdP7vndctgq3PoZrnmhmnecWAr114GWMRwg2QMFFX+kIWnp7IO220/JLgnXK/jP7VKAFBGmeOYBQYQ==",
      "cpu": [
        "ia32"
      ],
      "dev": true,
      "optional": true,
      "os": [
        "linux"
      ],
      "engines": {
        "node": ">=12"
      }
    },
    "node_modules/@esbuild/linux-loong64": {
      "version": "0.17.5",
      "resolved": "https://registry.npmjs.org/@esbuild/linux-loong64/-/linux-loong64-0.17.5.tgz",
      "integrity": "sha512-3YxhSBl5Sb6TtBjJu+HP93poBruFzgXmf3PVfIe4xOXMj1XpxboYZyw3W8BhoX/uwxzZz4K1I99jTE/5cgDT1g==",
      "cpu": [
        "loong64"
      ],
      "dev": true,
      "optional": true,
      "os": [
        "linux"
      ],
      "engines": {
        "node": ">=12"
      }
    },
    "node_modules/@esbuild/linux-mips64el": {
      "version": "0.17.5",
      "resolved": "https://registry.npmjs.org/@esbuild/linux-mips64el/-/linux-mips64el-0.17.5.tgz",
      "integrity": "sha512-Hy5Z0YVWyYHdtQ5mfmfp8LdhVwGbwVuq8mHzLqrG16BaMgEmit2xKO+iDakHs+OetEx0EN/2mUzDdfdktI+Nmg==",
      "cpu": [
        "mips64el"
      ],
      "dev": true,
      "optional": true,
      "os": [
        "linux"
      ],
      "engines": {
        "node": ">=12"
      }
    },
    "node_modules/@esbuild/linux-ppc64": {
      "version": "0.17.5",
      "resolved": "https://registry.npmjs.org/@esbuild/linux-ppc64/-/linux-ppc64-0.17.5.tgz",
      "integrity": "sha512-5dbQvBLbU/Y3Q4ABc9gi23hww1mQcM7KZ9KBqabB7qhJswYMf8WrDDOSw3gdf3p+ffmijMd28mfVMvFucuECyg==",
      "cpu": [
        "ppc64"
      ],
      "dev": true,
      "optional": true,
      "os": [
        "linux"
      ],
      "engines": {
        "node": ">=12"
      }
    },
    "node_modules/@esbuild/linux-riscv64": {
      "version": "0.17.5",
      "resolved": "https://registry.npmjs.org/@esbuild/linux-riscv64/-/linux-riscv64-0.17.5.tgz",
      "integrity": "sha512-fp/KUB/ZPzEWGTEUgz9wIAKCqu7CjH1GqXUO2WJdik1UNBQ7Xzw7myIajpxztE4Csb9504ERiFMxZg5KZ6HlZQ==",
      "cpu": [
        "riscv64"
      ],
      "dev": true,
      "optional": true,
      "os": [
        "linux"
      ],
      "engines": {
        "node": ">=12"
      }
    },
    "node_modules/@esbuild/linux-s390x": {
      "version": "0.17.5",
      "resolved": "https://registry.npmjs.org/@esbuild/linux-s390x/-/linux-s390x-0.17.5.tgz",
      "integrity": "sha512-kRV3yw19YDqHTp8SfHXfObUFXlaiiw4o2lvT1XjsPZ++22GqZwSsYWJLjMi1Sl7j9qDlDUduWDze/nQx0d6Lzw==",
      "cpu": [
        "s390x"
      ],
      "dev": true,
      "optional": true,
      "os": [
        "linux"
      ],
      "engines": {
        "node": ">=12"
      }
    },
    "node_modules/@esbuild/linux-x64": {
      "version": "0.17.5",
      "resolved": "https://registry.npmjs.org/@esbuild/linux-x64/-/linux-x64-0.17.5.tgz",
      "integrity": "sha512-vnxuhh9e4pbtABNLbT2ANW4uwQ/zvcHRCm1JxaYkzSehugoFd5iXyC4ci1nhXU13mxEwCnrnTIiiSGwa/uAF1g==",
      "cpu": [
        "x64"
      ],
      "dev": true,
      "optional": true,
      "os": [
        "linux"
      ],
      "engines": {
        "node": ">=12"
      }
    },
    "node_modules/@esbuild/netbsd-x64": {
      "version": "0.17.5",
      "resolved": "https://registry.npmjs.org/@esbuild/netbsd-x64/-/netbsd-x64-0.17.5.tgz",
      "integrity": "sha512-cigBpdiSx/vPy7doUyImsQQBnBjV5f1M99ZUlaJckDAJjgXWl6y9W17FIfJTy8TxosEF6MXq+fpLsitMGts2nA==",
      "cpu": [
        "x64"
      ],
      "dev": true,
      "optional": true,
      "os": [
        "netbsd"
      ],
      "engines": {
        "node": ">=12"
      }
    },
    "node_modules/@esbuild/openbsd-x64": {
      "version": "0.17.5",
      "resolved": "https://registry.npmjs.org/@esbuild/openbsd-x64/-/openbsd-x64-0.17.5.tgz",
      "integrity": "sha512-VdqRqPVIjjZfkf40LrqOaVuhw9EQiAZ/GNCSM2UplDkaIzYVsSnycxcFfAnHdWI8Gyt6dO15KHikbpxwx+xHbw==",
      "cpu": [
        "x64"
      ],
      "dev": true,
      "optional": true,
      "os": [
        "openbsd"
      ],
      "engines": {
        "node": ">=12"
      }
    },
    "node_modules/@esbuild/sunos-x64": {
      "version": "0.17.5",
      "resolved": "https://registry.npmjs.org/@esbuild/sunos-x64/-/sunos-x64-0.17.5.tgz",
      "integrity": "sha512-ItxPaJ3MBLtI4nK+mALLEoUs6amxsx+J1ibnfcYMkqaCqHST1AkF4aENpBehty3czqw64r/XqL+W9WqU6kc2Qw==",
      "cpu": [
        "x64"
      ],
      "dev": true,
      "optional": true,
      "os": [
        "sunos"
      ],
      "engines": {
        "node": ">=12"
      }
    },
    "node_modules/@esbuild/win32-arm64": {
      "version": "0.17.5",
      "resolved": "https://registry.npmjs.org/@esbuild/win32-arm64/-/win32-arm64-0.17.5.tgz",
      "integrity": "sha512-4u2Q6qsJTYNFdS9zHoAi80spzf78C16m2wla4eJPh4kSbRv+BpXIfl6TmBSWupD8e47B1NrTfrOlEuco7mYQtg==",
      "cpu": [
        "arm64"
      ],
      "dev": true,
      "optional": true,
      "os": [
        "win32"
      ],
      "engines": {
        "node": ">=12"
      }
    },
    "node_modules/@esbuild/win32-ia32": {
      "version": "0.17.5",
      "resolved": "https://registry.npmjs.org/@esbuild/win32-ia32/-/win32-ia32-0.17.5.tgz",
      "integrity": "sha512-KYlm+Xu9TXsfTWAcocLuISRtqxKp/Y9ZBVg6CEEj0O5J9mn7YvBKzAszo2j1ndyzUPk+op+Tie2PJeN+BnXGqQ==",
      "cpu": [
        "ia32"
      ],
      "dev": true,
      "optional": true,
      "os": [
        "win32"
      ],
      "engines": {
        "node": ">=12"
      }
    },
    "node_modules/@esbuild/win32-x64": {
      "version": "0.17.5",
      "resolved": "https://registry.npmjs.org/@esbuild/win32-x64/-/win32-x64-0.17.5.tgz",
      "integrity": "sha512-XgA9qWRqby7xdYXuF6KALsn37QGBMHsdhmnpjfZtYxKxbTOwfnDM6MYi2WuUku5poNaX2n9XGVr20zgT/2QwCw==",
      "cpu": [
        "x64"
      ],
      "dev": true,
      "optional": true,
      "os": [
        "win32"
      ],
      "engines": {
        "node": ">=12"
      }
    },
    "node_modules/core-util-is": {
      "version": "1.0.3",
      "resolved": "https://registry.npmjs.org/core-util-is/-/core-util-is-1.0.3.tgz",
      "integrity": "sha512-ZQBvi1DcpJ4GDqanjucZ2Hj3wEO5pZDS89BWbkcrvdxksJorwUDDZamX9ldFkp9aw2lmBDLgkObEA4DWNJ9FYQ=="
    },
    "node_modules/esbuild": {
      "version": "0.17.5",
      "resolved": "https://registry.npmjs.org/esbuild/-/esbuild-0.17.5.tgz",
      "integrity": "sha512-Bu6WLCc9NMsNoMJUjGl3yBzTjVLXdysMltxQWiLAypP+/vQrf+3L1Xe8fCXzxaECus2cEJ9M7pk4yKatEwQMqQ==",
      "dev": true,
      "hasInstallScript": true,
      "bin": {
        "esbuild": "bin/esbuild"
      },
      "engines": {
        "node": ">=12"
      },
      "optionalDependencies": {
        "@esbuild/android-arm": "0.17.5",
        "@esbuild/android-arm64": "0.17.5",
        "@esbuild/android-x64": "0.17.5",
        "@esbuild/darwin-arm64": "0.17.5",
        "@esbuild/darwin-x64": "0.17.5",
        "@esbuild/freebsd-arm64": "0.17.5",
        "@esbuild/freebsd-x64": "0.17.5",
        "@esbuild/linux-arm": "0.17.5",
        "@esbuild/linux-arm64": "0.17.5",
        "@esbuild/linux-ia32": "0.17.5",
        "@esbuild/linux-loong64": "0.17.5",
        "@esbuild/linux-mips64el": "0.17.5",
        "@esbuild/linux-ppc64": "0.17.5",
        "@esbuild/linux-riscv64": "0.17.5",
        "@esbuild/linux-s390x": "0.17.5",
        "@esbuild/linux-x64": "0.17.5",
        "@esbuild/netbsd-x64": "0.17.5",
        "@esbuild/openbsd-x64": "0.17.5",
        "@esbuild/sunos-x64": "0.17.5",
        "@esbuild/win32-arm64": "0.17.5",
        "@esbuild/win32-ia32": "0.17.5",
        "@esbuild/win32-x64": "0.17.5"
      }
    },
    "node_modules/frac": {
      "version": "1.1.2",
      "resolved": "https://registry.npmjs.org/frac/-/frac-1.1.2.tgz",
      "integrity": "sha512-w/XBfkibaTl3YDqASwfDUqkna4Z2p9cFSr1aHDt0WoMTECnRfBOv2WArlZILlqgWlmdIlALXGpM2AOhEk5W3IA==",
      "engines": {
        "node": ">=0.8"
      }
    },
    "node_modules/immediate": {
      "version": "3.0.6",
      "resolved": "https://registry.npmjs.org/immediate/-/immediate-3.0.6.tgz",
      "integrity": "sha512-XXOFtyqDjNDAQxVfYxuF7g9Il/IbWmmlQg2MYKOH8ExIT1qg6xc4zyS3HaEEATgs1btfzxq15ciUiY7gjSXRGQ=="
    },
    "node_modules/inherits": {
      "version": "2.0.4",
      "resolved": "https://registry.npmjs.org/inherits/-/inherits-2.0.4.tgz",
      "integrity": "sha512-k/vGaX4/Yla3WzyMCvTQOXYeIHvqOKtnqBduzTHpzpQZzAskKMhZ2K+EnBiSM9zGSoIFeMpXKxa4dYeZIQqewQ=="
    },
    "node_modules/isarray": {
      "version": "1.0.0",
      "resolved": "https://registry.npmjs.org/isarray/-/isarray-1.0.0.tgz",
      "integrity": "sha512-VLghIWNM6ELQzo7zwmcg0NmTVyWKYjvIeM83yjp0wRDTmUnrM678fQbcKBo6n2CJEF0szoG//ytg+TKla89ALQ=="
    },
    "node_modules/jszip": {
      "version": "3.10.1",
      "resolved": "https://registry.npmjs.org/jszip/-/jszip-3.10.1.tgz",
      "integrity": "sha512-xXDvecyTpGLrqFrvkrUSoxxfJI5AH7U8zxxtVclpsUtMCq4JQ290LY8AW5c7Ggnr/Y/oK+bQMbqK2qmtk3pN4g==",
      "dependencies": {
        "lie": "~3.3.0",
        "pako": "~1.0.2",
        "readable-stream": "~2.3.6",
        "setimmediate": "^1.0.5"
      }
    },
    "node_modules/lie": {
      "version": "3.3.0",
      "resolved": "https://registry.npmjs.org/lie/-/lie-3.3.0.tgz",
      "integrity": "sha512-UaiMJzeWRlEujzAuw5LokY1L5ecNQYZKfmyZ9L7wDHb/p5etKaxXhohBcrw0EYby+G/NA52vRSN4N39dxHAIwQ==",
      "dependencies": {
        "immediate": "~3.0.5"
      }
    },
    "node_modules/node-stream-zip": {
      "version": "1.15.0",
      "resolved": "https://registry.npmjs.org/node-stream-zip/-/node-stream-zip-1.15.0.tgz",
      "integrity": "sha512-LN4fydt9TqhZhThkZIVQnF9cwjU3qmUH9h78Mx/K7d3VvfRqqwthLwJEUOEL0QPZ0XQmNN7be5Ggit5+4dq3Bw==",
      "engines": {
        "node": ">=0.12.0"
      },
      "funding": {
        "type": "github",
        "url": "https://github.com/sponsors/antelle"
      }
    },
    "node_modules/pako": {
      "version": "1.0.11",
      "resolved": "https://registry.npmjs.org/pako/-/pako-1.0.11.tgz",
      "integrity": "sha512-4hLB8Py4zZce5s4yd9XzopqwVv/yGNhV1Bl8NTmCq1763HeK2+EwVTv+leGeL13Dnh2wfbqowVPXCIO0z4taYw=="
    },
    "node_modules/process-nextick-args": {
      "version": "2.0.1",
      "resolved": "https://registry.npmjs.org/process-nextick-args/-/process-nextick-args-2.0.1.tgz",
      "integrity": "sha512-3ouUOpQhtgrbOa17J7+uxOTpITYWaGP7/AhoR3+A+/1e9skrzelGi/dXzEYyvbxubEF6Wn2ypscTKiKJFFn1ag=="
    },
    "node_modules/readable-stream": {
      "version": "2.3.7",
      "resolved": "https://registry.npmjs.org/readable-stream/-/readable-stream-2.3.7.tgz",
      "integrity": "sha512-Ebho8K4jIbHAxnuxi7o42OrZgF/ZTNcsZj6nRKyUmkhLFq8CHItp/fy6hQZuZmP/n3yZ9VBUbp4zz/mX8hmYPw==",
      "dependencies": {
        "core-util-is": "~1.0.0",
        "inherits": "~2.0.3",
        "isarray": "~1.0.0",
        "process-nextick-args": "~2.0.0",
        "safe-buffer": "~5.1.1",
        "string_decoder": "~1.1.1",
        "util-deprecate": "~1.0.1"
      }
    },
    "node_modules/safe-buffer": {
      "version": "5.1.2",
      "resolved": "https://registry.npmjs.org/safe-buffer/-/safe-buffer-5.1.2.tgz",
      "integrity": "sha512-Gd2UZBJDkXlY7GbJxfsE8/nvKkUEU1G38c1siN6QP6a9PT9MmHB8GnpscSmMJSoF8LOIrt8ud/wPtojys4G6+g=="
    },
    "node_modules/saxes": {
      "version": "6.0.0",
      "resolved": "https://registry.npmjs.org/saxes/-/saxes-6.0.0.tgz",
      "integrity": "sha512-xAg7SOnEhrm5zI3puOOKyy1OMcMlIJZYNJY7xLBwSze0UjhPLnWfj2GF2EpT0jmzaJKIWKHLsaSSajf35bcYnA==",
      "dependencies": {
        "xmlchars": "^2.2.0"
      },
      "engines": {
        "node": ">=v12.22.7"
      }
    },
    "node_modules/setimmediate": {
      "version": "1.0.5",
      "resolved": "https://registry.npmjs.org/setimmediate/-/setimmediate-1.0.5.tgz",
      "integrity": "sha512-MATJdZp8sLqDl/68LfQmbP8zKPLQNV6BIZoIgrscFDQ+RsvK/BxeDQOgyxKKoh0y/8h3BqVFnCqQ/gd+reiIXA=="
    },
    "node_modules/ssf": {
      "version": "0.11.2",
      "resolved": "https://registry.npmjs.org/ssf/-/ssf-0.11.2.tgz",
      "integrity": "sha512-+idbmIXoYET47hH+d7dfm2epdOMUDjqcB4648sTZ+t2JwoyBFL/insLfB/racrDmsKB3diwsDA696pZMieAC5g==",
      "dependencies": {
        "frac": "~1.1.2"
      },
      "engines": {
        "node": ">=0.8"
      }
    },
    "node_modules/string_decoder": {
      "version": "1.1.1",
      "resolved": "https://registry.npmjs.org/string_decoder/-/string_decoder-1.1.1.tgz",
      "integrity": "sha512-n/ShnvDi6FHbbVfviro+WojiFzv+s8MPMHBczVePfUpDJLwoLT0ht1l4YwBCbi8pJAveEEdnkHyPyTP/mzRfwg==",
      "dependencies": {
        "safe-buffer": "~5.1.0"
      }
    },
    "node_modules/util-deprecate": {
      "version": "1.0.2",
      "resolved": "https://registry.npmjs.org/util-deprecate/-/util-deprecate-1.0.2.tgz",
      "integrity": "sha512-EPD5q1uXyFxJpCrLnCc1nHnq3gOa6DZBocAIiI2TaSCA7VCJ1UJDMagCzIkXNsUYfD1daK//LTEQ8xiIbrHtcw=="
    },
    "node_modules/xmlchars": {
      "version": "2.2.0",
      "resolved": "https://registry.npmjs.org/xmlchars/-/xmlchars-2.2.0.tgz",
      "integrity": "sha512-JZnDKK8B0RCDw84FNdDAIpZK+JuJw+s7Lz8nksI7SIuU3UXJJslUthsi+uWBUYOwPFwW7W7PRLRfUKpxjtjFCw=="
    }
  },
  "dependencies": {
    "@esbuild/android-arm": {
      "version": "0.17.5",
      "resolved": "https://registry.npmjs.org/@esbuild/android-arm/-/android-arm-0.17.5.tgz",
      "integrity": "sha512-crmPUzgCmF+qZXfl1YkiFoUta2XAfixR1tEnr/gXIixE+WL8Z0BGqfydP5oox0EUOgQMMRgtATtakyAcClQVqQ==",
      "dev": true,
      "optional": true
    },
    "@esbuild/android-arm64": {
      "version": "0.17.5",
      "resolved": "https://registry.npmjs.org/@esbuild/android-arm64/-/android-arm64-0.17.5.tgz",
      "integrity": "sha512-KHWkDqYAMmKZjY4RAN1PR96q6UOtfkWlTS8uEwWxdLtkRt/0F/csUhXIrVfaSIFxnscIBMPynGfhsMwQDRIBQw==",
      "dev": true,
      "optional": true
    },
    "@esbuild/android-x64": {
      "version": "0.17.5",
      "resolved": "https://registry.npmjs.org/@esbuild/android-x64/-/android-x64-0.17.5.tgz",
      "integrity": "sha512-8fI/AnIdmWz/+1iza2WrCw8kwXK9wZp/yZY/iS8ioC+U37yJCeppi9EHY05ewJKN64ASoBIseufZROtcFnX5GA==",
      "dev": true,
      "optional": true
    },
    "@esbuild/darwin-arm64": {
      "version": "0.17.5",
      "resolved": "https://registry.npmjs.org/@esbuild/darwin-arm64/-/darwin-arm64-0.17.5.tgz",
      "integrity": "sha512-EAvaoyIySV6Iif3NQCglUNpnMfHSUgC5ugt2efl3+QDntucJe5spn0udNZjTgNi6tKVqSceOw9tQ32liNZc1Xw==",
      "dev": true,
      "optional": true
    },
    "@esbuild/darwin-x64": {
      "version": "0.17.5",
      "resolved": "https://registry.npmjs.org/@esbuild/darwin-x64/-/darwin-x64-0.17.5.tgz",
      "integrity": "sha512-ha7QCJh1fuSwwCgoegfdaljowwWozwTDjBgjD3++WAy/qwee5uUi1gvOg2WENJC6EUyHBOkcd3YmLDYSZ2TPPA==",
      "dev": true,
      "optional": true
    },
    "@esbuild/freebsd-arm64": {
      "version": "0.17.5",
      "resolved": "https://registry.npmjs.org/@esbuild/freebsd-arm64/-/freebsd-arm64-0.17.5.tgz",
      "integrity": "sha512-VbdXJkn2aI2pQ/wxNEjEcnEDwPpxt3CWWMFYmO7CcdFBoOsABRy2W8F3kjbF9F/pecEUDcI3b5i2w+By4VQFPg==",
      "dev": true,
      "optional": true
    },
    "@esbuild/freebsd-x64": {
      "version": "0.17.5",
      "resolved": "https://registry.npmjs.org/@esbuild/freebsd-x64/-/freebsd-x64-0.17.5.tgz",
      "integrity": "sha512-olgGYND1/XnnWxwhjtY3/ryjOG/M4WfcA6XH8dBTH1cxMeBemMODXSFhkw71Kf4TeZFFTN25YOomaNh0vq2iXg==",
      "dev": true,
      "optional": true
    },
    "@esbuild/linux-arm": {
      "version": "0.17.5",
      "resolved": "https://registry.npmjs.org/@esbuild/linux-arm/-/linux-arm-0.17.5.tgz",
      "integrity": "sha512-YBdCyQwA3OQupi6W2/WO4FnI+NWFWe79cZEtlbqSESOHEg7a73htBIRiE6uHPQe7Yp5E4aALv+JxkRLGEUL7tw==",
      "dev": true,
      "optional": true
    },
    "@esbuild/linux-arm64": {
      "version": "0.17.5",
      "resolved": "https://registry.npmjs.org/@esbuild/linux-arm64/-/linux-arm64-0.17.5.tgz",
      "integrity": "sha512-8a0bqSwu3OlLCfu2FBbDNgQyBYdPJh1B9PvNX7jMaKGC9/KopgHs37t+pQqeMLzcyRqG6z55IGNQAMSlCpBuqg==",
      "dev": true,
      "optional": true
    },
    "@esbuild/linux-ia32": {
      "version": "0.17.5",
      "resolved": "https://registry.npmjs.org/@esbuild/linux-ia32/-/linux-ia32-0.17.5.tgz",
      "integrity": "sha512-uCwm1r/+NdP7vndctgq3PoZrnmhmnecWAr114GWMRwg2QMFFX+kIWnp7IO220/JLgnXK/jP7VKAFBGmeOYBQYQ==",
      "dev": true,
      "optional": true
    },
    "@esbuild/linux-loong64": {
      "version": "0.17.5",
      "resolved": "https://registry.npmjs.org/@esbuild/linux-loong64/-/linux-loong64-0.17.5.tgz",
      "integrity": "sha512-3YxhSBl5Sb6TtBjJu+HP93poBruFzgXmf3PVfIe4xOXMj1XpxboYZyw3W8BhoX/uwxzZz4K1I99jTE/5cgDT1g==",
      "dev": true,
      "optional": true
    },
    "@esbuild/linux-mips64el": {
      "version": "0.17.5",
      "resolved": "https://registry.npmjs.org/@esbuild/linux-mips64el/-/linux-mips64el-0.17.5.tgz",
      "integrity": "sha512-Hy5Z0YVWyYHdtQ5mfmfp8LdhVwGbwVuq8mHzLqrG16BaMgEmit2xKO+iDakHs+OetEx0EN/2mUzDdfdktI+Nmg==",
      "dev": true,
      "optional": true
    },
    "@esbuild/linux-ppc64": {
      "version": "0.17.5",
      "resolved": "https://registry.npmjs.org/@esbuild/linux-ppc64/-/linux-ppc64-0.17.5.tgz",
      "integrity": "sha512-5dbQvBLbU/Y3Q4ABc9gi23hww1mQcM7KZ9KBqabB7qhJswYMf8WrDDOSw3gdf3p+ffmijMd28mfVMvFucuECyg==",
      "dev": true,
      "optional": true
    },
    "@esbuild/linux-riscv64": {
      "version": "0.17.5",
      "resolved": "https://registry.npmjs.org/@esbuild/linux-riscv64/-/linux-riscv64-0.17.5.tgz",
      "integrity": "sha512-fp/KUB/ZPzEWGTEUgz9wIAKCqu7CjH1GqXUO2WJdik1UNBQ7Xzw7myIajpxztE4Csb9504ERiFMxZg5KZ6HlZQ==",
      "dev": true,
      "optional": true
    },
    "@esbuild/linux-s390x": {
      "version": "0.17.5",
      "resolved": "https://registry.npmjs.org/@esbuild/linux-s390x/-/linux-s390x-0.17.5.tgz",
      "integrity": "sha512-kRV3yw19YDqHTp8SfHXfObUFXlaiiw4o2lvT1XjsPZ++22GqZwSsYWJLjMi1Sl7j9qDlDUduWDze/nQx0d6Lzw==",
      "dev": true,
      "optional": true
    },
    "@esbuild/linux-x64": {
      "version": "0.17.5",
      "resolved": "https://registry.npmjs.org/@esbuild/linux-x64/-/linux-x64-0.17.5.tgz",
      "integrity": "sha512-vnxuhh9e4pbtABNLbT2ANW4uwQ/zvcHRCm1JxaYkzSehugoFd5iXyC4ci1nhXU13mxEwCnrnTIiiSGwa/uAF1g==",
      "dev": true,
      "optional": true
    },
    "@esbuild/netbsd-x64": {
      "version": "0.17.5",
      "resolved": "https://registry.npmjs.org/@esbuild/netbsd-x64/-/netbsd-x64-0.17.5.tgz",
      "integrity": "sha512-cigBpdiSx/vPy7doUyImsQQBnBjV5f1M99ZUlaJckDAJjgXWl6y9W17FIfJTy8TxosEF6MXq+fpLsitMGts2nA==",
      "dev": true,
      "optional": true
    },
    "@esbuild/openbsd-x64": {
      "version": "0.17.5",
      "resolved": "https://registry.npmjs.org/@esbuild/openbsd-x64/-/openbsd-x64-0.17.5.tgz",
      "integrity": "sha512-VdqRqPVIjjZfkf40LrqOaVuhw9EQiAZ/GNCSM2UplDkaIzYVsSnycxcFfAnHdWI8Gyt6dO15KHikbpxwx+xHbw==",
      "dev": true,
      "optional": true
    },
    "@esbuild/sunos-x64": {
      "version": "0.17.5",
      "resolved": "https://registry.npmjs.org/@esbuild/sunos-x64/-/sunos-x64-0.17.5.tgz",
      "integrity": "sha512-ItxPaJ3MBLtI4nK+mALLEoUs6amxsx+J1ibnfcYMkqaCqHST1AkF4aENpBehty3czqw64r/XqL+W9WqU6kc2Qw==",
      "dev": true,
      "optional": true
    },
    "@esbuild/win32-arm64": {
      "version": "0.17.5",
      "resolved": "https://registry.npmjs.org/@esbuild/win32-arm64/-/win32-arm64-0.17.5.tgz",
      "integrity": "sha512-4u2Q6qsJTYNFdS9zHoAi80spzf78C16m2wla4eJPh4kSbRv+BpXIfl6TmBSWupD8e47B1NrTfrOlEuco7mYQtg==",
      "dev": true,
      "optional": true
    },
    "@esbuild/win32-ia32": {
      "version": "0.17.5",
      "resolved": "https://registry.npmjs.org/@esbuild/win32-ia32/-/win32-ia32-0.17.5.tgz",
      "integrity": "sha512-KYlm+Xu9TXsfTWAcocLuISRtqxKp/Y9ZBVg6CEEj0O5J9mn7YvBKzAszo2j1ndyzUPk+op+Tie2PJeN+BnXGqQ==",
      "dev": true,
      "optional": true
    },
    "@esbuild/win32-x64": {
      "version": "0.17.5",
      "resolved": "https://registry.npmjs.org/@esbuild/win32-x64/-/win32-x64-0.17.5.tgz",
      "integrity": "sha512-XgA9qWRqby7xdYXuF6KALsn37QGBMHsdhmnpjfZtYxKxbTOwfnDM6MYi2WuUku5poNaX2n9XGVr20zgT/2QwCw==",
      "dev": true,
      "optional": true
    },
    "core-util-is": {
      "version": "1.0.3",
      "resolved": "https://registry.npmjs.org/core-util-is/-/core-util-is-1.0.3.tgz",
      "integrity": "sha512-ZQBvi1DcpJ4GDqanjucZ2Hj3wEO5pZDS89BWbkcrvdxksJorwUDDZamX9ldFkp9aw2lmBDLgkObEA4DWNJ9FYQ=="
    },
    "esbuild": {
      "version": "0.17.5",
      "resolved": "https://registry.npmjs.org/esbuild/-/esbuild-0.17.5.tgz",
      "integrity": "sha512-Bu6WLCc9NMsNoMJUjGl3yBzTjVLXdysMltxQWiLAypP+/vQrf+3L1Xe8fCXzxaECus2cEJ9M7pk4yKatEwQMqQ==",
      "dev": true,
      "requires": {
        "@esbuild/android-arm": "0.17.5",
        "@esbuild/android-arm64": "0.17.5",
        "@esbuild/android-x64": "0.17.5",
        "@esbuild/darwin-arm64": "0.17.5",
        "@esbuild/darwin-x64": "0.17.5",
        "@esbuild/freebsd-arm64": "0.17.5",
        "@esbuild/freebsd-x64": "0.17.5",
        "@esbuild/linux-arm": "0.17.5",
        "@esbuild/linux-arm64": "0.17.5",
        "@esbuild/linux-ia32": "0.17.5",
        "@esbuild/linux-loong64": "0.17.5",
        "@esbuild/linux-mips64el": "0.17.5",
        "@esbuild/linux-ppc64": "0.17.5",
        "@esbuild/linux-riscv64": "0.17.5",
        "@esbuild/linux-s390x": "0.17.5",
        "@esbuild/linux-x64": "0.17.5",
        "@esbuild/netbsd-x64": "0.17.5",
        "@esbuild/openbsd-x64": "0.17.5",
        "@esbuild/sunos-x64": "0.17.5",
        "@esbuild/win32-arm64": "0.17.5",
        "@esbuild/win32-ia32": "0.17.5",
        "@esbuild/win32-x64": "0.17.5"
      }
    },
    "frac": {
      "version": "1.1.2",
      "resolved": "https://registry.npmjs.org/frac/-/frac-1.1.2.tgz",
      "integrity": "sha512-w/XBfkibaTl3YDqASwfDUqkna4Z2p9cFSr1aHDt0WoMTECnRfBOv2WArlZILlqgWlmdIlALXGpM2AOhEk5W3IA=="
    },
    "immediate": {
      "version": "3.0.6",
      "resolved": "https://registry.npmjs.org/immediate/-/immediate-3.0.6.tgz",
      "integrity": "sha512-XXOFtyqDjNDAQxVfYxuF7g9Il/IbWmmlQg2MYKOH8ExIT1qg6xc4zyS3HaEEATgs1btfzxq15ciUiY7gjSXRGQ=="
    },
    "inherits": {
      "version": "2.0.4",
      "resolved": "https://registry.npmjs.org/inherits/-/inherits-2.0.4.tgz",
      "integrity": "sha512-k/vGaX4/Yla3WzyMCvTQOXYeIHvqOKtnqBduzTHpzpQZzAskKMhZ2K+EnBiSM9zGSoIFeMpXKxa4dYeZIQqewQ=="
    },
    "isarray": {
      "version": "1.0.0",
      "resolved": "https://registry.npmjs.org/isarray/-/isarray-1.0.0.tgz",
      "integrity": "sha512-VLghIWNM6ELQzo7zwmcg0NmTVyWKYjvIeM83yjp0wRDTmUnrM678fQbcKBo6n2CJEF0szoG//ytg+TKla89ALQ=="
    },
    "jszip": {
      "version": "3.10.1",
      "resolved": "https://registry.npmjs.org/jszip/-/jszip-3.10.1.tgz",
      "integrity": "sha512-xXDvecyTpGLrqFrvkrUSoxxfJI5AH7U8zxxtVclpsUtMCq4JQ290LY8AW5c7Ggnr/Y/oK+bQMbqK2qmtk3pN4g==",
      "requires": {
        "lie": "~3.3.0",
        "pako": "~1.0.2",
        "readable-stream": "~2.3.6",
        "setimmediate": "^1.0.5"
      }
    },
    "lie": {
      "version": "3.3.0",
      "resolved": "https://registry.npmjs.org/lie/-/lie-3.3.0.tgz",
      "integrity": "sha512-UaiMJzeWRlEujzAuw5LokY1L5ecNQYZKfmyZ9L7wDHb/p5etKaxXhohBcrw0EYby+G/NA52vRSN4N39dxHAIwQ==",
      "requires": {
        "immediate": "~3.0.5"
      }
    },
    "node-stream-zip": {
      "version": "1.15.0",
      "resolved": "https://registry.npmjs.org/node-stream-zip/-/node-stream-zip-1.15.0.tgz",
      "integrity": "sha512-LN4fydt9TqhZhThkZIVQnF9cwjU3qmUH9h78Mx/K7d3VvfRqqwthLwJEUOEL0QPZ0XQmNN7be5Ggit5+4dq3Bw=="
    },
    "pako": {
      "version": "1.0.11",
      "resolved": "https://registry.npmjs.org/pako/-/pako-1.0.11.tgz",
      "integrity": "sha512-4hLB8Py4zZce5s4yd9XzopqwVv/yGNhV1Bl8NTmCq1763HeK2+EwVTv+leGeL13Dnh2wfbqowVPXCIO0z4taYw=="
    },
    "process-nextick-args": {
      "version": "2.0.1",
      "resolved": "https://registry.npmjs.org/process-nextick-args/-/process-nextick-args-2.0.1.tgz",
      "integrity": "sha512-3ouUOpQhtgrbOa17J7+uxOTpITYWaGP7/AhoR3+A+/1e9skrzelGi/dXzEYyvbxubEF6Wn2ypscTKiKJFFn1ag=="
    },
    "readable-stream": {
      "version": "2.3.7",
      "resolved": "https://registry.npmjs.org/readable-stream/-/readable-stream-2.3.7.tgz",
      "integrity": "sha512-Ebho8K4jIbHAxnuxi7o42OrZgF/ZTNcsZj6nRKyUmkhLFq8CHItp/fy6hQZuZmP/n3yZ9VBUbp4zz/mX8hmYPw==",
      "requires": {
        "core-util-is": "~1.0.0",
        "inherits": "~2.0.3",
        "isarray": "~1.0.0",
        "process-nextick-args": "~2.0.0",
        "safe-buffer": "~5.1.1",
        "string_decoder": "~1.1.1",
        "util-deprecate": "~1.0.1"
      }
    },
    "safe-buffer": {
      "version": "5.1.2",
      "resolved": "https://registry.npmjs.org/safe-buffer/-/safe-buffer-5.1.2.tgz",
      "integrity": "sha512-Gd2UZBJDkXlY7GbJxfsE8/nvKkUEU1G38c1siN6QP6a9PT9MmHB8GnpscSmMJSoF8LOIrt8ud/wPtojys4G6+g=="
    },
    "saxes": {
      "version": "6.0.0",
      "resolved": "https://registry.npmjs.org/saxes/-/saxes-6.0.0.tgz",
      "integrity": "sha512-xAg7SOnEhrm5zI3puOOKyy1OMcMlIJZYNJY7xLBwSze0UjhPLnWfj2GF2EpT0jmzaJKIWKHLsaSSajf35bcYnA==",
      "requires": {
        "xmlchars": "^2.2.0"
      }
    },
    "setimmediate": {
      "version": "1.0.5",
      "resolved": "https://registry.npmjs.org/setimmediate/-/setimmediate-1.0.5.tgz",
      "integrity": "sha512-MATJdZp8sLqDl/68LfQmbP8zKPLQNV6BIZoIgrscFDQ+RsvK/BxeDQOgyxKKoh0y/8h3BqVFnCqQ/gd+reiIXA=="
    },
    "ssf": {
      "version": "0.11.2",
      "resolved": "https://registry.npmjs.org/ssf/-/ssf-0.11.2.tgz",
      "integrity": "sha512-+idbmIXoYET47hH+d7dfm2epdOMUDjqcB4648sTZ+t2JwoyBFL/insLfB/racrDmsKB3diwsDA696pZMieAC5g==",
      "requires": {
        "frac": "~1.1.2"
      }
    },
    "string_decoder": {
      "version": "1.1.1",
      "resolved": "https://registry.npmjs.org/string_decoder/-/string_decoder-1.1.1.tgz",
      "integrity": "sha512-n/ShnvDi6FHbbVfviro+WojiFzv+s8MPMHBczVePfUpDJLwoLT0ht1l4YwBCbi8pJAveEEdnkHyPyTP/mzRfwg==",
      "requires": {
        "safe-buffer": "~5.1.0"
      }
    },
    "util-deprecate": {
      "version": "1.0.2",
      "resolved": "https://registry.npmjs.org/util-deprecate/-/util-deprecate-1.0.2.tgz",
      "integrity": "sha512-EPD5q1uXyFxJpCrLnCc1nHnq3gOa6DZBocAIiI2TaSCA7VCJ1UJDMagCzIkXNsUYfD1daK//LTEQ8xiIbrHtcw=="
    },
    "xmlchars": {
      "version": "2.2.0",
      "resolved": "https://registry.npmjs.org/xmlchars/-/xmlchars-2.2.0.tgz",
      "integrity": "sha512-JZnDKK8B0RCDw84FNdDAIpZK+JuJw+s7Lz8nksI7SIuU3UXJJslUthsi+uWBUYOwPFwW7W7PRLRfUKpxjtjFCw=="
    }
  }
}
